# THIS IS AN AUTOGENERATED FILE. DO NOT EDIT THIS FILE DIRECTLY.
# yarn lockfile v1


rxjs@^6.6.6:
  version "6.6.6"
  resolved "https://registry.yarnpkg.com/rxjs/-/rxjs-6.6.6.tgz#14d8417aa5a07c5e633995b525e1e3c0dec03b70"
  integrity sha512-/oTwee4N4iWzAMAL9xdGKjkEHmIwupR3oXbQjCKywF1BeFohswF3vZdogbmEF6pZkOsXTzWkrZszrWpQTByYVg==
  dependencies:
    tslib "^1.9.0"

tslib@^1.9.0:
  version "1.14.1"
  resolved "https://registry.yarnpkg.com/tslib/-/tslib-1.14.1.tgz#cf2d38bdc34a134bcaf1091c41f6619e2f672d00"
  integrity sha512-Xni35NKzjgMrwevysHTCArtLDpPvye8zV/0E4EyYn43P7/7qvQwPh9BGkHewbMulVntbigmcT7rdX3BNo9wRJg==

typescript@^4.2.3:
  version "4.2.3"
  resolved "https://registry.yarnpkg.com/typescript/-/typescript-4.2.3.tgz#39062d8019912d43726298f09493d598048c1ce3"
  integrity sha512-qOcYwxaByStAWrBf4x0fibwZvMRG+r4cQoTjbPtUlrWjBHbmCAww1i448U0GJ+3cNNEtebDteo/cHOR3xJ4wEw==
